
Microsoft Visual Studio Solution File, Format Version 12.00
# Visual Studio Version 17
VisualStudioVersion = 17.5.33530.505
MinimumVisualStudioVersion = 10.0.40219.1
Project("{FAE04EC0-301F-11D3-BF4B-00C04F79EFBC}") = "EduOnline", "EduOnline.csproj", "{A81E8E45-975D-43EB-8249-D3A9B6546F31}"
EndProject
Global
	GlobalSection(SolutionConfigurationPlatforms) = preSolution
		Debug|Any CPU = Debug|Any CPU
		Release|Any CPU = Release|Any CPU
	EndGlobalSection
	GlobalSection(ProjectConfigurationPlatforms) = postSolution
		{A81E8E45-975D-43EB-8249-D3A9B6546F31}.Debug|Any CPU.ActiveCfg = Debug|Any CPU
		{A81E8E45-975D-43EB-8249-D3A9B6546F31}.Debug|Any CPU.Build.0 = Debug|Any CPU
		{A81E8E45-975D-43EB-8249-D3A9B6546F31}.Release|Any CPU.ActiveCfg = Release|Any CPU
		{A81E8E45-975D-43EB-8249-D3A9B6546F31}.Release|Any CPU.Build.0 = Release|Any CPU
	EndGlobalSection
	GlobalSection(SolutionProperties) = preSolution
		HideSolutionNode = FALSE
	EndGlobalSection
	GlobalSection(ExtensibilityGlobals) = postSolution
		SolutionGuid = {90509EC1-4156-4F87-AC81-5092BD7A5CD4}
	EndGlobalSection
EndGlobal
